
Microsoft Visual Studio Solution File, Format Version 12.00
# Visual Studio Version 17
VisualStudioVersion = 17.7.34031.279
MinimumVisualStudioVersion = 10.0.40219.1
Project("{2150E333-8FDC-42A3-9474-1A3956D46DE8}") = "1. Enterprise Business Rules", "1. Enterprise Business Rules", "{D450CDE7-B72E-4E8D-AA72-59A09ED37993}"
EndProject
Project("{2150E333-8FDC-42A3-9474-1A3956D46DE8}") = "2. Application Business Rules", "2. Application Business Rules", "{28915822-6DE3-4D62-B16F-C489EE005A80}"
EndProject
Project("{2150E333-8FDC-42A3-9474-1A3956D46DE8}") = "3. Interface Adapters", "3. Interface Adapters", "{2B6A3C09-A683-431E-A5CA-99BC360EEBF2}"
EndProject
Project("{2150E333-8FDC-42A3-9474-1A3956D46DE8}") = "4. Frameworks And Drivers", "4. Frameworks And Drivers", "{3A099E1D-93B6-4CE9-89F1-3E7FC32051E4}"
EndProject
Project("{FAE04EC0-301F-11D3-BF4B-00C04F79EFBC}") = "NorthWind.Entities", "NorthWind.Entities\NorthWind.Entities.csproj", "{17E25C40-D186-4493-A3F0-C0B1170D725F}"
EndProject
Project("{FAE04EC0-301F-11D3-BF4B-00C04F79EFBC}") = "NorthWind.Sales.BusinessObjetcs", "NorthWind.Sales.BusinessObjetcs\NorthWind.Sales.BusinessObjetcs.csproj", "{09CA8DBF-C56C-4FC6-8F98-245861310CDA}"
EndProject
Global
	GlobalSection(SolutionConfigurationPlatforms) = preSolution
		Debug|Any CPU = Debug|Any CPU
		Release|Any CPU = Release|Any CPU
	EndGlobalSection
	GlobalSection(ProjectConfigurationPlatforms) = postSolution
		{17E25C40-D186-4493-A3F0-C0B1170D725F}.Debug|Any CPU.ActiveCfg = Debug|Any CPU
		{17E25C40-D186-4493-A3F0-C0B1170D725F}.Debug|Any CPU.Build.0 = Debug|Any CPU
		{17E25C40-D186-4493-A3F0-C0B1170D725F}.Release|Any CPU.ActiveCfg = Release|Any CPU
		{17E25C40-D186-4493-A3F0-C0B1170D725F}.Release|Any CPU.Build.0 = Release|Any CPU
		{09CA8DBF-C56C-4FC6-8F98-245861310CDA}.Debug|Any CPU.ActiveCfg = Debug|Any CPU
		{09CA8DBF-C56C-4FC6-8F98-245861310CDA}.Debug|Any CPU.Build.0 = Debug|Any CPU
		{09CA8DBF-C56C-4FC6-8F98-245861310CDA}.Release|Any CPU.ActiveCfg = Release|Any CPU
		{09CA8DBF-C56C-4FC6-8F98-245861310CDA}.Release|Any CPU.Build.0 = Release|Any CPU
	EndGlobalSection
	GlobalSection(SolutionProperties) = preSolution
		HideSolutionNode = FALSE
	EndGlobalSection
	GlobalSection(NestedProjects) = preSolution
		{17E25C40-D186-4493-A3F0-C0B1170D725F} = {D450CDE7-B72E-4E8D-AA72-59A09ED37993}
		{09CA8DBF-C56C-4FC6-8F98-245861310CDA} = {28915822-6DE3-4D62-B16F-C489EE005A80}
	EndGlobalSection
	GlobalSection(ExtensibilityGlobals) = postSolution
		SolutionGuid = {AEA22E55-2B4C-4790-A935-574D09290BF4}
	EndGlobalSection
EndGlobal
